
Microsoft Visual Studio Solution File, Format Version 12.00
# Visual Studio Version 16
VisualStudioVersion = 16.0.29613.14
MinimumVisualStudioVersion = 10.0.40219.1
Project("{FAE04EC0-301F-11D3-BF4B-00C04F79EFBC}") = "BallGameMVC", "BallGameMVC.csproj", "{D29D91B9-BDB2-40F9-B4A1-9096340407B9}"
EndProject
Global
	GlobalSection(SolutionConfigurationPlatforms) = preSolution
		Debug|Any CPU = Debug|Any CPU
		Release|Any CPU = Release|Any CPU
	EndGlobalSection
	GlobalSection(ProjectConfigurationPlatforms) = postSolution
		{D29D91B9-BDB2-40F9-B4A1-9096340407B9}.Debug|Any CPU.ActiveCfg = Debug|Any CPU
		{D29D91B9-BDB2-40F9-B4A1-9096340407B9}.Debug|Any CPU.Build.0 = Debug|Any CPU
		{D29D91B9-BDB2-40F9-B4A1-9096340407B9}.Release|Any CPU.ActiveCfg = Release|Any CPU
		{D29D91B9-BDB2-40F9-B4A1-9096340407B9}.Release|Any CPU.Build.0 = Release|Any CPU
	EndGlobalSection
	GlobalSection(SolutionProperties) = preSolution
		HideSolutionNode = FALSE
	EndGlobalSection
	GlobalSection(ExtensibilityGlobals) = postSolution
		SolutionGuid = {6EF9DD29-8956-428A-B114-EF5561F63D4E}
	EndGlobalSection
EndGlobal
